// !$*UTF8*$!
{
	archiveVersion = 1;
	classes = {
	};
	objectVersion = 50;
	objects = {

/* Begin PBXBuildFile section */
		9E0268332175088C0068F084 /* AppDelegate.swift in Sources */ = {isa = PBXBuildFile; fileRef = 9E0268322175088C0068F084 /* AppDelegate.swift */; };
		9E0268382175088C0068F084 /* Main.storyboard in Resources */ = {isa = PBXBuildFile; fileRef = 9E0268362175088C0068F084 /* Main.storyboard */; };
		9E02683A2175088E0068F084 /* Assets.xcassets in Resources */ = {isa = PBXBuildFile; fileRef = 9E0268392175088E0068F084 /* Assets.xcassets */; };
		9E02683D2175088E0068F084 /* LaunchScreen.storyboard in Resources */ = {isa = PBXBuildFile; fileRef = 9E02683B2175088E0068F084 /* LaunchScreen.storyboard */; };
		9E02684521761CE00068F084 /* MainPageTableViewController.swift in Sources */ = {isa = PBXBuildFile; fileRef = 9E02684421761CE00068F084 /* MainPageTableViewController.swift */; };
		9E02684721761FE60068F084 /* MainPageTableViewCell.swift in Sources */ = {isa = PBXBuildFile; fileRef = 9E02684621761FE60068F084 /* MainPageTableViewCell.swift */; };
		9E026849217622310068F084 /* Video Game.swift in Sources */ = {isa = PBXBuildFile; fileRef = 9E026848217622310068F084 /* Video Game.swift */; };
		9E02684B2176717A0068F084 /* AddNewGameViewController.swift in Sources */ = {isa = PBXBuildFile; fileRef = 9E02684A2176717A0068F084 /* AddNewGameViewController.swift */; };
		9E02684D2177AB370068F084 /* GameManager.swift in Sources */ = {isa = PBXBuildFile; fileRef = 9E02684C2177AB370068F084 /* GameManager.swift */; };
/* End PBXBuildFile section */

/* Begin PBXFileReference section */
		9E02682F2175088C0068F084 /* Video Game Library iOS.app */ = {isa = PBXFileReference; explicitFileType = wrapper.application; includeInIndex = 0; path = "Video Game Library iOS.app"; sourceTree = BUILT_PRODUCTS_DIR; };
		9E0268322175088C0068F084 /* AppDelegate.swift */ = {isa = PBXFileReference; lastKnownFileType = sourcecode.swift; path = AppDelegate.swift; sourceTree = "<group>"; };
		9E0268372175088C0068F084 /* Base */ = {isa = PBXFileReference; lastKnownFileType = file.storyboard; name = Base; path = Base.lproj/Main.storyboard; sourceTree = "<group>"; };
		9E0268392175088E0068F084 /* Assets.xcassets */ = {isa = PBXFileReference; lastKnownFileType = folder.assetcatalog; path = Assets.xcassets; sourceTree = "<group>"; };
		9E02683C2175088E0068F084 /* Base */ = {isa = PBXFileReference; lastKnownFileType = file.storyboard; name = Base; path = Base.lproj/LaunchScreen.storyboard; sourceTree = "<group>"; };
		9E02683E2175088E0068F084 /* Info.plist */ = {isa = PBXFileReference; lastKnownFileType = text.plist.xml; path = Info.plist; sourceTree = "<group>"; };
		9E02684421761CE00068F084 /* MainPageTableViewController.swift */ = {isa = PBXFileReference; lastKnownFileType = sourcecode.swift; path = MainPageTableViewController.swift; sourceTree = "<group>"; };
		9E02684621761FE60068F084 /* MainPageTableViewCell.swift */ = {isa = PBXFileReference; lastKnownFileType = sourcecode.swift; path = MainPageTableViewCell.swift; sourceTree = "<group>"; };
		9E026848217622310068F084 /* Video Game.swift */ = {isa = PBXFileReference; lastKnownFileType = sourcecode.swift; path = "Video Game.swift"; sourceTree = "<group>"; };
		9E02684A2176717A0068F084 /* AddNewGameViewController.swift */ = {isa = PBXFileReference; lastKnownFileType = sourcecode.swift; path = AddNewGameViewController.swift; sourceTree = "<group>"; };
		9E02684C2177AB370068F084 /* GameManager.swift */ = {isa = PBXFileReference; lastKnownFileType = sourcecode.swift; path = GameManager.swift; sourceTree = "<group>"; };
/* End PBXFileReference section */

/* Begin PBXFrameworksBuildPhase section */
		9E02682C2175088C0068F084 /* Frameworks */ = {
			isa = PBXFrameworksBuildPhase;
			buildActionMask = 2147483647;
			files = (
			);
			runOnlyForDeploymentPostprocessing = 0;
		};
/* End PBXFrameworksBuildPhase section */

/* Begin PBXGroup section */
		9E0268262175088C0068F084 = {
			isa = PBXGroup;
			children = (
				9E0268312175088C0068F084 /* Video Game Library iOS */,
				9E0268302175088C0068F084 /* Products */,
			);
			sourceTree = "<group>";
		};
		9E0268302175088C0068F084 /* Products */ = {
			isa = PBXGroup;
			children = (
				9E02682F2175088C0068F084 /* Video Game Library iOS.app */,
			);
			name = Products;
			sourceTree = "<group>";
		};
		9E0268312175088C0068F084 /* Video Game Library iOS */ = {
			isa = PBXGroup;
			children = (
				9E0268322175088C0068F084 /* AppDelegate.swift */,
				9E0268362175088C0068F084 /* Main.storyboard */,
				9E0268392175088E0068F084 /* Assets.xcassets */,
				9E02683B2175088E0068F084 /* LaunchScreen.storyboard */,
				9E02683E2175088E0068F084 /* Info.plist */,
				9E02684421761CE00068F084 /* MainPageTableViewController.swift */,
				9E02684621761FE60068F084 /* MainPageTableViewCell.swift */,
				9E026848217622310068F084 /* Video Game.swift */,
				9E02684A2176717A0068F084 /* AddNewGameViewController.swift */,
				9E02684C2177AB370068F084 /* GameManager.swift */,
			);
			path = "Video Game Library iOS";
			sourceTree = "<group>";
		};
/* End PBXGroup section */

/* Begin PBXNativeTarget section */
		9E02682E2175088C0068F084 /* Video Game Library iOS */ = {
			isa = PBXNativeTarget;
			buildConfigurationList = 9E0268412175088E0068F084 /* Build configuration list for PBXNativeTarget "Video Game Library iOS" */;
			buildPhases = (
				9E02682B2175088C0068F084 /* Sources */,
				9E02682C2175088C0068F084 /* Frameworks */,
				9E02682D2175088C0068F084 /* Resources */,
			);
			buildRules = (
			);
			dependencies = (
			);
			name = "Video Game Library iOS";
			productName = "Video Game Library iOS";
			productReference = 9E02682F2175088C0068F084 /* Video Game Library iOS.app */;
			productType = "com.apple.product-type.application";
		};
/* End PBXNativeTarget section */

/* Begin PBXProject section */
		9E0268272175088C0068F084 /* Project object */ = {
			isa = PBXProject;
			attributes = {
				LastSwiftUpdateCheck = 1000;
				LastUpgradeCheck = 1000;
				ORGANIZATIONNAME = "Alex Richardson";
				TargetAttributes = {
					9E02682E2175088C0068F084 = {
						CreatedOnToolsVersion = 10.0;
					};
				};
			};
			buildConfigurationList = 9E02682A2175088C0068F084 /* Build configuration list for PBXProject "Video Game Library iOS" */;
			compatibilityVersion = "Xcode 9.3";
			developmentRegion = en;
			hasScannedForEncodings = 0;
			knownRegions = (
				en,
				Base,
			);
			mainGroup = 9E0268262175088C0068F084;
			productRefGroup = 9E0268302175088C0068F084 /* Products */;
			projectDirPath = "";
			projectRoot = "";
			targets = (
				9E02682E2175088C0068F084 /* Video Game Library iOS */,
			);
		};
/* End PBXProject section */

/* Begin PBXResourcesBuildPhase section */
		9E02682D2175088C0068F084 /* Resources */ = {
			isa = PBXResourcesBuildPhase;
			buildActionMask = 2147483647;
			files = (
				9E02683D2175088E0068F084 /* LaunchScreen.storyboard in Resources */,
				9E02683A2175088E0068F084 /* Assets.xcassets in Resources */,
				9E0268382175088C0068F084 /* Main.storyboard in Resources */,
			);
			runOnlyForDeploymentPostprocessing = 0;
		};
/* End PBXResourcesBuildPhase section */

/* Begin PBXSourcesBuildPhase section */
		9E02682B2175088C0068F084 /* Sources */ = {
			isa = PBXSourcesBuildPhase;
			buildActionMask = 2147483647;
			files = (
				9E02684521761CE00068F084 /* MainPageTableViewController.swift in Sources */,
				9E02684D2177AB370068F084 /* GameManager.swift in Sources */,
				9E026849217622310068F084 /* Video Game.swift in Sources */,
				9E0268332175088C0068F084 /* AppDelegate.swift in Sources */,
				9E02684B2176717A0068F084 /* AddNewGameViewController.swift in Sources */,
				9E02684721761FE60068F084 /* MainPageTableViewCell.swift in Sources */,
			);
			runOnlyForDeploymentPostprocessing = 0;
		};
/* End PBXSourcesBuildPhase section */

/* Begin PBXVariantGroup section */
		9E0268362175088C0068F084 /* Main.storyboard */ = {
			isa = PBXVariantGroup;
			children = (
				9E0268372175088C0068F084 /* Base */,
			);
			name = Main.storyboard;
			sourceTree = "<group>";
		};
		9E02683B2175088E0068F084 /* LaunchScreen.storyboard */ = {
			isa = PBXVariantGroup;
			children = (
				9E02683C2175088E0068F084 /* Base */,
			);
			name = LaunchScreen.storyboard;
			sourceTree = "<group>";
		};
/* End PBXVariantGroup section */

/* Begin XCBuildConfiguration section */
		9E02683F2175088E0068F084 /* Debug */ = {
			isa = XCBuildConfiguration;
			buildSettings = {
				ALWAYS_SEARCH_USER_PATHS = NO;
				CLANG_ANALYZER_NONNULL = YES;
				CLANG_ANALYZER_NUMBER_OBJECT_CONVERSION = YES_AGGRESSIVE;
				CLANG_CXX_LANGUAGE_STANDARD = "gnu++14";
				CLANG_CXX_LIBRARY = "libc++";
				CLANG_ENABLE_MODULES = YES;
				CLANG_ENABLE_OBJC_ARC = YES;
				CLANG_ENABLE_OBJC_WEAK = YES;
				CLANG_WARN_BLOCK_CAPTURE_AUTORELEASING = YES;
				CLANG_WARN_BOOL_CONVERSION = YES;
				CLANG_WARN_COMMA = YES;
				CLANG_WARN_CONSTANT_CONVERSION = YES;
				CLANG_WARN_DEPRECATED_OBJC_IMPLEMENTATIONS = YES;
				CLANG_WARN_DIRECT_OBJC_ISA_USAGE = YES_ERROR;
				CLANG_WARN_DOCUMENTATION_COMMENTS = YES;
				CLANG_WARN_EMPTY_BODY = YES;
				CLANG_WARN_ENUM_CONVERSION = YES;
				CLANG_WARN_INFINITE_RECURSION = YES;
				CLANG_WARN_INT_CONVERSION = YES;
				CLANG_WARN_NON_LITERAL_NULL_CONVERSION = YES;
				CLANG_WARN_OBJC_IMPLICIT_RETAIN_SELF = YES;
				CLANG_WARN_OBJC_LITERAL_CONVERSION = YES;
				CLANG_WARN_OBJC_ROOT_CLASS = YES_ERROR;
				CLANG_WARN_RANGE_LOOP_ANALYSIS = YES;
				CLANG_WARN_STRICT_PROTOTYPES = YES;
				CLANG_WARN_SUSPICIOUS_MOVE = YES;
				CLANG_WARN_UNGUARDED_AVAILABILITY = YES_AGGRESSIVE;
				CLANG_WARN_UNREACHABLE_CODE = YES;
				CLANG_WARN__DUPLICATE_METHOD_MATCH = YES;
				CODE_SIGN_IDENTITY = "iPhone Developer";
				COPY_PHASE_STRIP = NO;
				DEBUG_INFORMATION_FORMAT = dwarf;
				ENABLE_STRICT_OBJC_MSGSEND = YES;
				ENABLE_TESTABILITY = YES;
				GCC_C_LANGUAGE_STANDARD = gnu11;
				GCC_DYNAMIC_NO_PIC = NO;
				GCC_NO_COMMON_BLOCKS = YES;
				GCC_OPTIMIZATION_LEVEL = 0;
				GCC_PREPROCESSOR_DEFINITIONS = (
					"DEBUG=1",
					"$(inherited)",
				);
				GCC_WARN_64_TO_32_BIT_CONVERSION = YES;
				GCC_WARN_ABOUT_RETURN_TYPE = YES_ERROR;
				GCC_WARN_UNDECLARED_SELECTOR = YES;
				GCC_WARN_UNINITIALIZED_AUTOS = YES_AGGRESSIVE;
				GCC_WARN_UNUSED_FUNCTION = YES;
				GCC_WARN_UNUSED_VARIABLE = YES;
				IPHONEOS_DEPLOYMENT_TARGET = 12.0;
				MTL_ENABLE_DEBUG_INFO = INCLUDE_SOURCE;
				MTL_FAST_MATH = YES;
				ONLY_ACTIVE_ARCH = YES;
				SDKROOT = iphoneos;
				SWIFT_ACTIVE_COMPILATION_CONDITIONS = DEBUG;
				SWIFT_OPTIMIZATION_LEVEL = "-Onone";
			};
			name = Debug;
		};
		9E0268402175088E0068F084 /* Release */ = {
			isa = XCBuildConfiguration;
			buildSettings = {
				ALWAYS_SEARCH_USER_PATHS = NO;
				CLANG_ANALYZER_NONNULL = YES;
				CLANG_ANALYZER_NUMBER_OBJECT_CONVERSION = YES_AGGRESSIVE;
				CLANG_CXX_LANGUAGE_STANDARD = "gnu++14";
				CLANG_CXX_LIBRARY = "libc++";
				CLANG_ENABLE_MODULES = YES;
				CLANG_ENABLE_OBJC_ARC = YES;
				CLANG_ENABLE_OBJC_WEAK = YES;
				CLANG_WARN_BLOCK_CAPTURE_AUTORELEASING = YES;
				CLANG_WARN_BOOL_CONVERSION = YES;
				CLANG_WARN_COMMA = YES;
				CLANG_WARN_CONSTANT_CONVERSION = YES;
				CLANG_WARN_DEPRECATED_OBJC_IMPLEMENTATIONS = YES;
				CLANG_WARN_DIRECT_OBJC_ISA_USAGE = YES_ERROR;
				CLANG_WARN_DOCUMENTATION_COMMENTS = YES;
				CLANG_WARN_EMPTY_BODY = YES;
				CLANG_WARN_ENUM_CONVERSION = YES;
				CLANG_WARN_INFINITE_RECURSION = YES;
				CLANG_WARN_INT_CONVERSION = YES;
				CLANG_WARN_NON_LITERAL_NULL_CONVERSION = YES;
				CLANG_WARN_OBJC_IMPLICIT_RETAIN_SELF = YES;
				CLANG_WARN_OBJC_LITERAL_CONVERSION = YES;
				CLANG_WARN_OBJC_ROOT_CLASS = YES_ERROR;
				CLANG_WARN_RANGE_LOOP_ANALYSIS = YES;
				CLANG_WARN_STRICT_PROTOTYPES = YES;
				CLANG_WARN_SUSPICIOUS_MOVE = YES;
				CLANG_WARN_UNGUARDED_AVAILABILITY = YES_AGGRESSIVE;
				CLANG_WARN_UNREACHABLE_CODE = YES;
				CLANG_WARN__DUPLICATE_METHOD_MATCH = YES;
				CODE_SIGN_IDENTITY = "iPhone Developer";
				COPY_PHASE_STRIP = NO;
				DEBUG_INFORMATION_FORMAT = "dwarf-with-dsym";
				ENABLE_NS_ASSERTIONS = NO;
				ENABLE_STRICT_OBJC_MSGSEND = YES;
				GCC_C_LANGUAGE_STANDARD = gnu11;
				GCC_NO_COMMON_BLOCKS = YES;
				GCC_WARN_64_TO_32_BIT_CONVERSION = YES;
				GCC_WARN_ABOUT_RETURN_TYPE = YES_ERROR;
				GCC_WARN_UNDECLARED_SELECTOR = YES;
				GCC_WARN_UNINITIALIZED_AUTOS = YES_AGGRESSIVE;
				GCC_WARN_UNUSED_FUNCTION = YES;
				GCC_WARN_UNUSED_VARIABLE = YES;
				IPHONEOS_DEPLOYMENT_TARGET = 12.0;
				MTL_ENABLE_DEBUG_INFO = NO;
				MTL_FAST_MATH = YES;
				SDKROOT = iphoneos;
				SWIFT_COMPILATION_MODE = wholemodule;
				SWIFT_OPTIMIZATION_LEVEL = "-O";
				VALIDATE_PRODUCT = YES;
			};
			name = Release;
		};
		9E0268422175088E0068F084 /* Debug */ = {
			isa = XCBuildConfiguration;
			buildSettings = {
				ASSETCATALOG_COMPILER_APPICON_NAME = AppIcon;
				CODE_SIGN_STYLE = Automatic;
				INFOPLIST_FILE = "Video Game Library iOS/Info.plist";
				LD_RUNPATH_SEARCH_PATHS = (
					"$(inherited)",
					"@executable_path/Frameworks",
				);
				PRODUCT_BUNDLE_IDENTIFIER = "com.interaptskills.Video-Game-Library-iOS";
				PRODUCT_NAME = "$(TARGET_NAME)";
				SWIFT_VERSION = 4.2;
				TARGETED_DEVICE_FAMILY = "1,2";
			};
			name = Debug;
		};
		9E0268432175088E0068F084 /* Release */ = {
			isa = XCBuildConfiguration;
			buildSettings = {
				ASSETCATALOG_COMPILER_APPICON_NAME = AppIcon;
				CODE_SIGN_STYLE = Automatic;
				INFOPLIST_FILE = "Video Game Library iOS/Info.plist";
				LD_RUNPATH_SEARCH_PATHS = (
					"$(inherited)",
					"@executable_path/Frameworks",
				);
				PRODUCT_BUNDLE_IDENTIFIER = "com.interaptskills.Video-Game-Library-iOS";
				PRODUCT_NAME = "$(TARGET_NAME)";
				SWIFT_VERSION = 4.2;
				TARGETED_DEVICE_FAMILY = "1,2";
			};
			name = Release;
		};
/* End XCBuildConfiguration section */

/* Begin XCConfigurationList section */
		9E02682A2175088C0068F084 /* Build configuration list for PBXProject "Video Game Library iOS" */ = {
			isa = XCConfigurationList;
			buildConfigurations = (
				9E02683F2175088E0068F084 /* Debug */,
				9E0268402175088E0068F084 /* Release */,
			);
			defaultConfigurationIsVisible = 0;
			defaultConfigurationName = Release;
		};
		9E0268412175088E0068F084 /* Build configuration list for PBXNativeTarget "Video Game Library iOS" */ = {
			isa = XCConfigurationList;
			buildConfigurations = (
				9E0268422175088E0068F084 /* Debug */,
				9E0268432175088E0068F084 /* Release */,
			);
			defaultConfigurationIsVisible = 0;
			defaultConfigurationName = Release;
		};
/* End XCConfigurationList section */
	};
	rootObject = 9E0268272175088C0068F084 /* Project object */;
}
